
Microsoft Visual Studio Solution File, Format Version 12.00
# Visual Studio 14
VisualStudioVersion = 14.0.25123.0
MinimumVisualStudioVersion = 10.0.40219.1
Project("{FAE04EC0-301F-11D3-BF4B-00C04F79EFBC}") = "studentsWebsite", "studentsWebsite\studentsWebsite.csproj", "{13C8D703-5511-45E4-8339-2D5DD3FE344A}"
EndProject
Project("{2150E333-8FDC-42A3-9474-1A3956D46DE8}") = "Solution Items", "Solution Items", "{C3F78C11-82F5-45B9-A31C-F8D6D1840932}"
	ProjectSection(SolutionItems) = preProject
		student.html = student.html
	EndProjectSection
EndProject
Global
	GlobalSection(SolutionConfigurationPlatforms) = preSolution
		Debug|Any CPU = Debug|Any CPU
		Release|Any CPU = Release|Any CPU
	EndGlobalSection
	GlobalSection(ProjectConfigurationPlatforms) = postSolution
		{13C8D703-5511-45E4-8339-2D5DD3FE344A}.Debug|Any CPU.ActiveCfg = Debug|Any CPU
		{13C8D703-5511-45E4-8339-2D5DD3FE344A}.Debug|Any CPU.Build.0 = Debug|Any CPU
		{13C8D703-5511-45E4-8339-2D5DD3FE344A}.Release|Any CPU.ActiveCfg = Release|Any CPU
		{13C8D703-5511-45E4-8339-2D5DD3FE344A}.Release|Any CPU.Build.0 = Release|Any CPU
	EndGlobalSection
	GlobalSection(SolutionProperties) = preSolution
		HideSolutionNode = FALSE
	EndGlobalSection
EndGlobal
